dependencies:
- name: gpu-health-monitor
  repository: ""
  version: 0.1.0
- name: nic-health-monitor
  repository: ""
  version: 0.1.0
- name: nvswitch-health-monitor
  repository: ""
  version: 0.1.0
- name: shoreline-agent
  repository: https://helm.ngc.nvidia.com/nv-ngc-devops
  version: v27.1.0
digest: sha256:c12c69fe97665e4e4e5fbad51f4384646667656140e0dc094d3177b1954b82b7
generated: "2024-10-07T20:36:57.684566755+05:30"
