dependencies:
- name: gpu-health-monitor
  repository: ""
  version: 0.1.0
- name: nic-health-monitor
  repository: ""
  version: 0.1.0
- name: nvswitch-health-monitor
  repository: ""
  version: 0.1.0
- name: shoreline-agent
  repository: https://helm.ngc.nvidia.com/nv-ngc-devops
  version: 27.5.0
digest: sha256:9ba6751651e86e944c56c82cb5ca545f663074b1cb9875a8017318823026602e
generated: "2024-10-31T13:39:05.578407-04:00"
