dependencies:
- name: gpu-health-monitor
  repository: ""
  version: 0.1.0
- name: nic-health-monitor
  repository: ""
  version: 0.1.0
- name: nvswitch-health-monitor
  repository: ""
  version: 0.1.0
- name: mongodb-store
  repository: ""
  version: 0.1.0
- name: shoreline-agent
  repository: https://helm.ngc.nvidia.com/nv-ngc-devops
  version: 27.5.0
digest: sha256:a299dcde6b236b5bf27b1d2e50be7ccf51467fbb31d99b5ff3b535bd4a41eaa4
generated: "2024-11-15T16:42:40.059524263+05:30"
